// !$*UTF8*$!
{
	archiveVersion = 1;
	classes = {
	};
	objectVersion = 45;
	objects = {

/* Begin PBXBuildFile section */
		1D3623260D0F684500981E51 /* AppDelegate.m in Sources */ = {isa = PBXBuildFile; fileRef = 1D3623250D0F684500981E51 /* AppDelegate.m */; };
		1D60589B0D05DD56006BFB54 /* main.m in Sources */ = {isa = PBXBuildFile; fileRef = 29B97316FDCFA39411CA2CEA /* main.m */; };
		1D60589F0D05DD5A006BFB54 /* Foundation.framework in Frameworks */ = {isa = PBXBuildFile; fileRef = 1D30AB110D05D00D00671497 /* Foundation.framework */; };
		1DF5F4E00D08C38300B7A737 /* UIKit.framework in Frameworks */ = {isa = PBXBuildFile; fileRef = 1DF5F4DF0D08C38300B7A737 /* UIKit.framework */; };
		288765A50DF7441C002DB57D /* CoreGraphics.framework in Frameworks */ = {isa = PBXBuildFile; fileRef = 288765A40DF7441C002DB57D /* CoreGraphics.framework */; };
		28AD733F0D9D9553002E5188 /* MainWindow.xib in Resources */ = {isa = PBXBuildFile; fileRef = 28AD733E0D9D9553002E5188 /* MainWindow.xib */; };
		28D7ACF80DDB3853001CB0EB /* ViewController.m in Sources */ = {isa = PBXBuildFile; fileRef = 28D7ACF70DDB3853001CB0EB /* ViewController.m */; };
		D364564F12130B5800023C7E /* FallingButton.m in Sources */ = {isa = PBXBuildFile; fileRef = D364564E12130B5800023C7E /* FallingButton.m */; };
		D364569D121314C500023C7E /* QuartzCore.framework in Frameworks */ = {isa = PBXBuildFile; fileRef = D364569C121314C500023C7E /* QuartzCore.framework */; };
		D36457881213327700023C7E /* SimpleSound.m in Sources */ = {isa = PBXBuildFile; fileRef = D36457871213327700023C7E /* SimpleSound.m */; };
		D3645799121334F000023C7E /* OpenAL.framework in Frameworks */ = {isa = PBXBuildFile; fileRef = D3645798121334F000023C7E /* OpenAL.framework */; };
		D36457DC121338B500023C7E /* AudioToolbox.framework in Frameworks */ = {isa = PBXBuildFile; fileRef = D36457DB121338B500023C7E /* AudioToolbox.framework */; };
		D36458991213420C00023C7E /* logo.png in Resources */ = {isa = PBXBuildFile; fileRef = D36458981213420C00023C7E /* logo.png */; };
		D3C5C6FC149B180B009D19AF /* libChipmunkPro-iPhone.a in Frameworks */ = {isa = PBXBuildFile; fileRef = D3C5C6FA149B180B009D19AF /* libChipmunkPro-iPhone.a */; };
/* End PBXBuildFile section */

/* Begin PBXFileReference section */
		1D30AB110D05D00D00671497 /* Foundation.framework */ = {isa = PBXFileReference; lastKnownFileType = wrapper.framework; name = Foundation.framework; path = System/Library/Frameworks/Foundation.framework; sourceTree = SDKROOT; };
		1D3623240D0F684500981E51 /* AppDelegate.h */ = {isa = PBXFileReference; fileEncoding = 4; lastKnownFileType = sourcecode.c.h; path = AppDelegate.h; sourceTree = "<group>"; };
		1D3623250D0F684500981E51 /* AppDelegate.m */ = {isa = PBXFileReference; fileEncoding = 4; lastKnownFileType = sourcecode.c.objc; path = AppDelegate.m; sourceTree = "<group>"; };
		1D6058910D05DD3D006BFB54 /* SimpleObjectiveChipmunk.app */ = {isa = PBXFileReference; explicitFileType = wrapper.application; includeInIndex = 0; path = SimpleObjectiveChipmunk.app; sourceTree = BUILT_PRODUCTS_DIR; };
		1DF5F4DF0D08C38300B7A737 /* UIKit.framework */ = {isa = PBXFileReference; lastKnownFileType = wrapper.framework; name = UIKit.framework; path = System/Library/Frameworks/UIKit.framework; sourceTree = SDKROOT; };
		288765A40DF7441C002DB57D /* CoreGraphics.framework */ = {isa = PBXFileReference; lastKnownFileType = wrapper.framework; name = CoreGraphics.framework; path = System/Library/Frameworks/CoreGraphics.framework; sourceTree = SDKROOT; };
		28AD733E0D9D9553002E5188 /* MainWindow.xib */ = {isa = PBXFileReference; lastKnownFileType = file.xib; path = MainWindow.xib; sourceTree = "<group>"; };
		28D7ACF60DDB3853001CB0EB /* ViewController.h */ = {isa = PBXFileReference; fileEncoding = 4; lastKnownFileType = sourcecode.c.h; path = ViewController.h; sourceTree = "<group>"; };
		28D7ACF70DDB3853001CB0EB /* ViewController.m */ = {isa = PBXFileReference; fileEncoding = 4; lastKnownFileType = sourcecode.c.objc; path = ViewController.m; sourceTree = "<group>"; };
		29B97316FDCFA39411CA2CEA /* main.m */ = {isa = PBXFileReference; fileEncoding = 4; lastKnownFileType = sourcecode.c.objc; path = main.m; sourceTree = "<group>"; };
		32CA4F630368D1EE00C91783 /* SimpleObjectiveChipmunk_Prefix.pch */ = {isa = PBXFileReference; fileEncoding = 4; lastKnownFileType = sourcecode.c.h; path = SimpleObjectiveChipmunk_Prefix.pch; sourceTree = "<group>"; };
		8D1107310486CEB800E47090 /* SimpleObjectiveChipmunk-Info.plist */ = {isa = PBXFileReference; fileEncoding = 4; lastKnownFileType = text.plist.xml; path = "SimpleObjectiveChipmunk-Info.plist"; plistStructureDefinitionIdentifier = "com.apple.xcode.plist.structure-definition.iphone.info-plist"; sourceTree = "<group>"; };
		D364564D12130B5800023C7E /* FallingButton.h */ = {isa = PBXFileReference; fileEncoding = 4; lastKnownFileType = sourcecode.c.h; path = FallingButton.h; sourceTree = "<group>"; };
		D364564E12130B5800023C7E /* FallingButton.m */ = {isa = PBXFileReference; fileEncoding = 4; lastKnownFileType = sourcecode.c.objc; path = FallingButton.m; sourceTree = "<group>"; };
		D364569C121314C500023C7E /* QuartzCore.framework */ = {isa = PBXFileReference; lastKnownFileType = wrapper.framework; name = QuartzCore.framework; path = System/Library/Frameworks/QuartzCore.framework; sourceTree = SDKROOT; };
		D36457861213326700023C7E /* SimpleSound.h */ = {isa = PBXFileReference; fileEncoding = 4; lastKnownFileType = sourcecode.c.h; path = SimpleSound.h; sourceTree = "<group>"; };
		D36457871213327700023C7E /* SimpleSound.m */ = {isa = PBXFileReference; fileEncoding = 4; lastKnownFileType = sourcecode.c.objc; path = SimpleSound.m; sourceTree = "<group>"; };
		D3645798121334F000023C7E /* OpenAL.framework */ = {isa = PBXFileReference; lastKnownFileType = wrapper.framework; name = OpenAL.framework; path = System/Library/Frameworks/OpenAL.framework; sourceTree = SDKROOT; };
		D36457DB121338B500023C7E /* AudioToolbox.framework */ = {isa = PBXFileReference; lastKnownFileType = wrapper.framework; name = AudioToolbox.framework; path = System/Library/Frameworks/AudioToolbox.framework; sourceTree = SDKROOT; };
		D36458981213420C00023C7E /* logo.png */ = {isa = PBXFileReference; lastKnownFileType = image.png; path = logo.png; sourceTree = "<group>"; };
		D3C5C6D1149B180B009D19AF /* chipmunk.h */ = {isa = PBXFileReference; fileEncoding = 4; lastKnownFileType = sourcecode.c.h; path = chipmunk.h; sourceTree = "<group>"; };
		D3C5C6D2149B180B009D19AF /* chipmunk_ffi.h */ = {isa = PBXFileReference; fileEncoding = 4; lastKnownFileType = sourcecode.c.h; path = chipmunk_ffi.h; sourceTree = "<group>"; };
		D3C5C6D3149B180B009D19AF /* chipmunk_private.h */ = {isa = PBXFileReference; fileEncoding = 4; lastKnownFileType = sourcecode.c.h; path = chipmunk_private.h; sourceTree = "<group>"; };
		D3C5C6D4149B180B009D19AF /* chipmunk_types.h */ = {isa = PBXFileReference; fileEncoding = 4; lastKnownFileType = sourcecode.c.h; path = chipmunk_types.h; sourceTree = "<group>"; };
		D3C5C6D5149B180B009D19AF /* chipmunk_unsafe.h */ = {isa = PBXFileReference; fileEncoding = 4; lastKnownFileType = sourcecode.c.h; path = chipmunk_unsafe.h; sourceTree = "<group>"; };
		D3C5C6D7149B180B009D19AF /* cpConstraint.h */ = {isa = PBXFileReference; fileEncoding = 4; lastKnownFileType = sourcecode.c.h; path = cpConstraint.h; sourceTree = "<group>"; };
		D3C5C6D8149B180B009D19AF /* cpDampedRotarySpring.h */ = {isa = PBXFileReference; fileEncoding = 4; lastKnownFileType = sourcecode.c.h; path = cpDampedRotarySpring.h; sourceTree = "<group>"; };
		D3C5C6D9149B180B009D19AF /* cpDampedSpring.h */ = {isa = PBXFileReference; fileEncoding = 4; lastKnownFileType = sourcecode.c.h; path = cpDampedSpring.h; sourceTree = "<group>"; };
		D3C5C6DA149B180B009D19AF /* cpGearJoint.h */ = {isa = PBXFileReference; fileEncoding = 4; lastKnownFileType = sourcecode.c.h; path = cpGearJoint.h; sourceTree = "<group>"; };
		D3C5C6DB149B180B009D19AF /* cpGrooveJoint.h */ = {isa = PBXFileReference; fileEncoding = 4; lastKnownFileType = sourcecode.c.h; path = cpGrooveJoint.h; sourceTree = "<group>"; };
		D3C5C6DC149B180B009D19AF /* cpPinJoint.h */ = {isa = PBXFileReference; fileEncoding = 4; lastKnownFileType = sourcecode.c.h; path = cpPinJoint.h; sourceTree = "<group>"; };
		D3C5C6DD149B180B009D19AF /* cpPivotJoint.h */ = {isa = PBXFileReference; fileEncoding = 4; lastKnownFileType = sourcecode.c.h; path = cpPivotJoint.h; sourceTree = "<group>"; };
		D3C5C6DE149B180B009D19AF /* cpRatchetJoint.h */ = {isa = PBXFileReference; fileEncoding = 4; lastKnownFileType = sourcecode.c.h; path = cpRatchetJoint.h; sourceTree = "<group>"; };
		D3C5C6DF149B180B009D19AF /* cpRotaryLimitJoint.h */ = {isa = PBXFileReference; fileEncoding = 4; lastKnownFileType = sourcecode.c.h; path = cpRotaryLimitJoint.h; sourceTree = "<group>"; };
		D3C5C6E0149B180B009D19AF /* cpSimpleMotor.h */ = {isa = PBXFileReference; fileEncoding = 4; lastKnownFileType = sourcecode.c.h; path = cpSimpleMotor.h; sourceTree = "<group>"; };
		D3C5C6E1149B180B009D19AF /* cpSlideJoint.h */ = {isa = PBXFileReference; fileEncoding = 4; lastKnownFileType = sourcecode.c.h; path = cpSlideJoint.h; sourceTree = "<group>"; };
		D3C5C6E2149B180B009D19AF /* util.h */ = {isa = PBXFileReference; fileEncoding = 4; lastKnownFileType = sourcecode.c.h; path = util.h; sourceTree = "<group>"; };
		D3C5C6E3149B180B009D19AF /* cpArbiter.h */ = {isa = PBXFileReference; fileEncoding = 4; lastKnownFileType = sourcecode.c.h; path = cpArbiter.h; sourceTree = "<group>"; };
		D3C5C6E4149B180B009D19AF /* cpBB.h */ = {isa = PBXFileReference; fileEncoding = 4; lastKnownFileType = sourcecode.c.h; path = cpBB.h; sourceTree = "<group>"; };
		D3C5C6E5149B180B009D19AF /* cpBody.h */ = {isa = PBXFileReference; fileEncoding = 4; lastKnownFileType = sourcecode.c.h; path = cpBody.h; sourceTree = "<group>"; };
		D3C5C6E6149B180B009D19AF /* cpPolyShape.h */ = {isa = PBXFileReference; fileEncoding = 4; lastKnownFileType = sourcecode.c.h; path = cpPolyShape.h; sourceTree = "<group>"; };
		D3C5C6E7149B180B009D19AF /* cpShape.h */ = {isa = PBXFileReference; fileEncoding = 4; lastKnownFileType = sourcecode.c.h; path = cpShape.h; sourceTree = "<group>"; };
		D3C5C6E8149B180B009D19AF /* cpSpace.h */ = {isa = PBXFileReference; fileEncoding = 4; lastKnownFileType = sourcecode.c.h; path = cpSpace.h; sourceTree = "<group>"; };
		D3C5C6E9149B180B009D19AF /* cpSpatialIndex.h */ = {isa = PBXFileReference; fileEncoding = 4; lastKnownFileType = sourcecode.c.h; path = cpSpatialIndex.h; sourceTree = "<group>"; };
		D3C5C6EA149B180B009D19AF /* cpVect.h */ = {isa = PBXFileReference; fileEncoding = 4; lastKnownFileType = sourcecode.c.h; path = cpVect.h; sourceTree = "<group>"; };
		D3C5C6EB149B180B009D19AF /* ChipmunkAutoGeometry.h */ = {isa = PBXFileReference; fileEncoding = 4; lastKnownFileType = sourcecode.c.h; path = ChipmunkAutoGeometry.h; sourceTree = "<group>"; };
		D3C5C6EC149B180B009D19AF /* ChipmunkBody.h */ = {isa = PBXFileReference; fileEncoding = 4; lastKnownFileType = sourcecode.c.h; path = ChipmunkBody.h; sourceTree = "<group>"; };
		D3C5C6ED149B180B009D19AF /* ChipmunkConstraint.h */ = {isa = PBXFileReference; fileEncoding = 4; lastKnownFileType = sourcecode.c.h; path = ChipmunkConstraint.h; sourceTree = "<group>"; };
		D3C5C6EE149B180B009D19AF /* ChipmunkExtras.h */ = {isa = PBXFileReference; fileEncoding = 4; lastKnownFileType = sourcecode.c.h; path = ChipmunkExtras.h; sourceTree = "<group>"; };
		D3C5C6EF149B180B009D19AF /* ChipmunkHastySpace.h */ = {isa = PBXFileReference; fileEncoding = 4; lastKnownFileType = sourcecode.c.h; path = ChipmunkHastySpace.h; sourceTree = "<group>"; };
		D3C5C6F0149B180B009D19AF /* ChipmunkImageSampler.h */ = {isa = PBXFileReference; fileEncoding = 4; lastKnownFileType = sourcecode.c.h; path = ChipmunkImageSampler.h; sourceTree = "<group>"; };
		D3C5C6F1149B180B009D19AF /* ChipmunkMultiGrab.h */ = {isa = PBXFileReference; fileEncoding = 4; lastKnownFileType = sourcecode.c.h; path = ChipmunkMultiGrab.h; sourceTree = "<group>"; };
		D3C5C6F2149B180B009D19AF /* ChipmunkObject.h */ = {isa = PBXFileReference; fileEncoding = 4; lastKnownFileType = sourcecode.c.h; path = ChipmunkObject.h; sourceTree = "<group>"; };
		D3C5C6F3149B180B009D19AF /* ChipmunkPointCloudSampler.h */ = {isa = PBXFileReference; fileEncoding = 4; lastKnownFileType = sourcecode.c.h; path = ChipmunkPointCloudSampler.h; sourceTree = "<group>"; };
		D3C5C6F4149B180B009D19AF /* ChipmunkShape.h */ = {isa = PBXFileReference; fileEncoding = 4; lastKnownFileType = sourcecode.c.h; path = ChipmunkShape.h; sourceTree = "<group>"; };
		D3C5C6F5149B180B009D19AF /* ChipmunkSpace.h */ = {isa = PBXFileReference; fileEncoding = 4; lastKnownFileType = sourcecode.c.h; path = ChipmunkSpace.h; sourceTree = "<group>"; };
		D3C5C6F6149B180B009D19AF /* ChipmunkTileCache.h */ = {isa = PBXFileReference; fileEncoding = 4; lastKnownFileType = sourcecode.c.h; path = ChipmunkTileCache.h; sourceTree = "<group>"; };
		D3C5C6F7149B180B009D19AF /* cpHastySpace.h */ = {isa = PBXFileReference; fileEncoding = 4; lastKnownFileType = sourcecode.c.h; path = cpHastySpace.h; sourceTree = "<group>"; };
		D3C5C6F8149B180B009D19AF /* cpMarch.h */ = {isa = PBXFileReference; fileEncoding = 4; lastKnownFileType = sourcecode.c.h; path = cpMarch.h; sourceTree = "<group>"; };
		D3C5C6F9149B180B009D19AF /* cpPolyline.h */ = {isa = PBXFileReference; fileEncoding = 4; lastKnownFileType = sourcecode.c.h; path = cpPolyline.h; sourceTree = "<group>"; };
		D3C5C6FA149B180B009D19AF /* libChipmunkPro-iPhone.a */ = {isa = PBXFileReference; lastKnownFileType = archive.ar; path = "libChipmunkPro-iPhone.a"; sourceTree = "<group>"; };
		D3C5C6FB149B180B009D19AF /* ObjectiveChipmunk.h */ = {isa = PBXFileReference; fileEncoding = 4; lastKnownFileType = sourcecode.c.h; path = ObjectiveChipmunk.h; sourceTree = "<group>"; };
/* End PBXFileReference section */

/* Begin PBXFrameworksBuildPhase section */
		1D60588F0D05DD3D006BFB54 /* Frameworks */ = {
			isa = PBXFrameworksBuildPhase;
			buildActionMask = 2147483647;
			files = (
				1D60589F0D05DD5A006BFB54 /* Foundation.framework in Frameworks */,
				1DF5F4E00D08C38300B7A737 /* UIKit.framework in Frameworks */,
				288765A50DF7441C002DB57D /* CoreGraphics.framework in Frameworks */,
				D364569D121314C500023C7E /* QuartzCore.framework in Frameworks */,
				D3645799121334F000023C7E /* OpenAL.framework in Frameworks */,
				D36457DC121338B500023C7E /* AudioToolbox.framework in Frameworks */,
				D3C5C6FC149B180B009D19AF /* libChipmunkPro-iPhone.a in Frameworks */,
			);
			runOnlyForDeploymentPostprocessing = 0;
		};
/* End PBXFrameworksBuildPhase section */

/* Begin PBXGroup section */
		080E96DDFE201D6D7F000001 /* Classes */ = {
			isa = PBXGroup;
			children = (
				1D3623240D0F684500981E51 /* AppDelegate.h */,
				1D3623250D0F684500981E51 /* AppDelegate.m */,
				28D7ACF60DDB3853001CB0EB /* ViewController.h */,
				28D7ACF70DDB3853001CB0EB /* ViewController.m */,
				D364564D12130B5800023C7E /* FallingButton.h */,
				D364564E12130B5800023C7E /* FallingButton.m */,
				D36457861213326700023C7E /* SimpleSound.h */,
				D36457871213327700023C7E /* SimpleSound.m */,
			);
			path = Classes;
			sourceTree = "<group>";
		};
		19C28FACFE9D520D11CA2CBB /* Products */ = {
			isa = PBXGroup;
			children = (
				1D6058910D05DD3D006BFB54 /* SimpleObjectiveChipmunk.app */,
			);
			name = Products;
			sourceTree = "<group>";
		};
		29B97314FDCFA39411CA2CEA /* CustomTemplate */ = {
			isa = PBXGroup;
			children = (
				080E96DDFE201D6D7F000001 /* Classes */,
				29B97315FDCFA39411CA2CEA /* Other Sources */,
				29B97317FDCFA39411CA2CEA /* Resources */,
				D3C5C6CF149B180B009D19AF /* ChipmunkPro-iPhone-Trial */,
				29B97323FDCFA39411CA2CEA /* Frameworks */,
				19C28FACFE9D520D11CA2CBB /* Products */,
			);
			name = CustomTemplate;
			sourceTree = "<group>";
		};
		29B97315FDCFA39411CA2CEA /* Other Sources */ = {
			isa = PBXGroup;
			children = (
				32CA4F630368D1EE00C91783 /* SimpleObjectiveChipmunk_Prefix.pch */,
				29B97316FDCFA39411CA2CEA /* main.m */,
			);
			name = "Other Sources";
			sourceTree = "<group>";
		};
		29B97317FDCFA39411CA2CEA /* Resources */ = {
			isa = PBXGroup;
			children = (
				D36458981213420C00023C7E /* logo.png */,
				28AD733E0D9D9553002E5188 /* MainWindow.xib */,
				8D1107310486CEB800E47090 /* SimpleObjectiveChipmunk-Info.plist */,
			);
			name = Resources;
			sourceTree = "<group>";
		};
		29B97323FDCFA39411CA2CEA /* Frameworks */ = {
			isa = PBXGroup;
			children = (
				D36457DB121338B500023C7E /* AudioToolbox.framework */,
				D3645798121334F000023C7E /* OpenAL.framework */,
				D364569C121314C500023C7E /* QuartzCore.framework */,
				1DF5F4DF0D08C38300B7A737 /* UIKit.framework */,
				1D30AB110D05D00D00671497 /* Foundation.framework */,
				288765A40DF7441C002DB57D /* CoreGraphics.framework */,
			);
			name = Frameworks;
			sourceTree = "<group>";
		};
		D3C5C6CF149B180B009D19AF /* ChipmunkPro-iPhone-Trial */ = {
			isa = PBXGroup;
			children = (
				D3C5C6D0149B180B009D19AF /* chipmunk */,
				D3C5C6EB149B180B009D19AF /* ChipmunkAutoGeometry.h */,
				D3C5C6EC149B180B009D19AF /* ChipmunkBody.h */,
				D3C5C6ED149B180B009D19AF /* ChipmunkConstraint.h */,
				D3C5C6EE149B180B009D19AF /* ChipmunkExtras.h */,
				D3C5C6EF149B180B009D19AF /* ChipmunkHastySpace.h */,
				D3C5C6F0149B180B009D19AF /* ChipmunkImageSampler.h */,
				D3C5C6F1149B180B009D19AF /* ChipmunkMultiGrab.h */,
				D3C5C6F2149B180B009D19AF /* ChipmunkObject.h */,
				D3C5C6F3149B180B009D19AF /* ChipmunkPointCloudSampler.h */,
				D3C5C6F4149B180B009D19AF /* ChipmunkShape.h */,
				D3C5C6F5149B180B009D19AF /* ChipmunkSpace.h */,
				D3C5C6F6149B180B009D19AF /* ChipmunkTileCache.h */,
				D3C5C6F7149B180B009D19AF /* cpHastySpace.h */,
				D3C5C6F8149B180B009D19AF /* cpMarch.h */,
				D3C5C6F9149B180B009D19AF /* cpPolyline.h */,
				D3C5C6FA149B180B009D19AF /* libChipmunkPro-iPhone.a */,
				D3C5C6FB149B180B009D19AF /* ObjectiveChipmunk.h */,
			);
			path = "ChipmunkPro-iPhone-Trial";
			sourceTree = "<group>";
		};
		D3C5C6D0149B180B009D19AF /* chipmunk */ = {
			isa = PBXGroup;
			children = (
				D3C5C6D1149B180B009D19AF /* chipmunk.h */,
				D3C5C6D2149B180B009D19AF /* chipmunk_ffi.h */,
				D3C5C6D3149B180B009D19AF /* chipmunk_private.h */,
				D3C5C6D4149B180B009D19AF /* chipmunk_types.h */,
				D3C5C6D5149B180B009D19AF /* chipmunk_unsafe.h */,
				D3C5C6D6149B180B009D19AF /* constraints */,
				D3C5C6E3149B180B009D19AF /* cpArbiter.h */,
				D3C5C6E4149B180B009D19AF /* cpBB.h */,
				D3C5C6E5149B180B009D19AF /* cpBody.h */,
				D3C5C6E6149B180B009D19AF /* cpPolyShape.h */,
				D3C5C6E7149B180B009D19AF /* cpShape.h */,
				D3C5C6E8149B180B009D19AF /* cpSpace.h */,
				D3C5C6E9149B180B009D19AF /* cpSpatialIndex.h */,
				D3C5C6EA149B180B009D19AF /* cpVect.h */,
			);
			path = chipmunk;
			sourceTree = "<group>";
		};
		D3C5C6D6149B180B009D19AF /* constraints */ = {
			isa = PBXGroup;
			children = (
				D3C5C6D7149B180B009D19AF /* cpConstraint.h */,
				D3C5C6D8149B180B009D19AF /* cpDampedRotarySpring.h */,
				D3C5C6D9149B180B009D19AF /* cpDampedSpring.h */,
				D3C5C6DA149B180B009D19AF /* cpGearJoint.h */,
				D3C5C6DB149B180B009D19AF /* cpGrooveJoint.h */,
				D3C5C6DC149B180B009D19AF /* cpPinJoint.h */,
				D3C5C6DD149B180B009D19AF /* cpPivotJoint.h */,
				D3C5C6DE149B180B009D19AF /* cpRatchetJoint.h */,
				D3C5C6DF149B180B009D19AF /* cpRotaryLimitJoint.h */,
				D3C5C6E0149B180B009D19AF /* cpSimpleMotor.h */,
				D3C5C6E1149B180B009D19AF /* cpSlideJoint.h */,
				D3C5C6E2149B180B009D19AF /* util.h */,
			);
			path = constraints;
			sourceTree = "<group>";
		};
/* End PBXGroup section */

/* Begin PBXNativeTarget section */
		1D6058900D05DD3D006BFB54 /* SimpleObjectiveChipmunk */ = {
			isa = PBXNativeTarget;
			buildConfigurationList = 1D6058960D05DD3E006BFB54 /* Build configuration list for PBXNativeTarget "SimpleObjectiveChipmunk" */;
			buildPhases = (
				1D60588D0D05DD3D006BFB54 /* Resources */,
				1D60588E0D05DD3D006BFB54 /* Sources */,
				1D60588F0D05DD3D006BFB54 /* Frameworks */,
			);
			buildRules = (
			);
			dependencies = (
			);
			name = SimpleObjectiveChipmunk;
			productName = SimpleObjectiveChipmunk;
			productReference = 1D6058910D05DD3D006BFB54 /* SimpleObjectiveChipmunk.app */;
			productType = "com.apple.product-type.application";
		};
/* End PBXNativeTarget section */

/* Begin PBXProject section */
		29B97313FDCFA39411CA2CEA /* Project object */ = {
			isa = PBXProject;
			buildConfigurationList = C01FCF4E08A954540054247B /* Build configuration list for PBXProject "SimpleObjectiveChipmunk" */;
			compatibilityVersion = "Xcode 3.1";
			developmentRegion = English;
			hasScannedForEncodings = 1;
			knownRegions = (
				English,
				Japanese,
				French,
				German,
			);
			mainGroup = 29B97314FDCFA39411CA2CEA /* CustomTemplate */;
			projectDirPath = "";
			projectRoot = "";
			targets = (
				1D6058900D05DD3D006BFB54 /* SimpleObjectiveChipmunk */,
			);
		};
/* End PBXProject section */

/* Begin PBXResourcesBuildPhase section */
		1D60588D0D05DD3D006BFB54 /* Resources */ = {
			isa = PBXResourcesBuildPhase;
			buildActionMask = 2147483647;
			files = (
				28AD733F0D9D9553002E5188 /* MainWindow.xib in Resources */,
				D36458991213420C00023C7E /* logo.png in Resources */,
			);
			runOnlyForDeploymentPostprocessing = 0;
		};
/* End PBXResourcesBuildPhase section */

/* Begin PBXSourcesBuildPhase section */
		1D60588E0D05DD3D006BFB54 /* Sources */ = {
			isa = PBXSourcesBuildPhase;
			buildActionMask = 2147483647;
			files = (
				1D60589B0D05DD56006BFB54 /* main.m in Sources */,
				1D3623260D0F684500981E51 /* AppDelegate.m in Sources */,
				28D7ACF80DDB3853001CB0EB /* ViewController.m in Sources */,
				D364564F12130B5800023C7E /* FallingButton.m in Sources */,
				D36457881213327700023C7E /* SimpleSound.m in Sources */,
			);
			runOnlyForDeploymentPostprocessing = 0;
		};
/* End PBXSourcesBuildPhase section */

/* Begin XCBuildConfiguration section */
		1D6058940D05DD3E006BFB54 /* Debug */ = {
			isa = XCBuildConfiguration;
			buildSettings = {
				ALWAYS_SEARCH_USER_PATHS = NO;
				COPY_PHASE_STRIP = NO;
				GCC_DYNAMIC_NO_PIC = NO;
				GCC_OPTIMIZATION_LEVEL = 0;
				GCC_PRECOMPILE_PREFIX_HEADER = YES;
				GCC_PREFIX_HEADER = SimpleObjectiveChipmunk_Prefix.pch;
				GCC_VERSION = "";
				INFOPLIST_FILE = "SimpleObjectiveChipmunk-Info.plist";
				LIBRARY_SEARCH_PATHS = (
					"$(inherited)",
					"\"$(SRCROOT)/Objective-Chipmunk-trial\"",
					"\"$(SRCROOT)/ChipmunkPro-iPhone-Trial\"",
				);
				PRODUCT_NAME = SimpleObjectiveChipmunk;
			};
			name = Debug;
		};
		1D6058950D05DD3E006BFB54 /* Release */ = {
			isa = XCBuildConfiguration;
			buildSettings = {
				ALWAYS_SEARCH_USER_PATHS = NO;
				COPY_PHASE_STRIP = YES;
				GCC_PRECOMPILE_PREFIX_HEADER = YES;
				GCC_PREFIX_HEADER = SimpleObjectiveChipmunk_Prefix.pch;
				GCC_VERSION = "";
				INFOPLIST_FILE = "SimpleObjectiveChipmunk-Info.plist";
				LIBRARY_SEARCH_PATHS = (
					"$(inherited)",
					"\"$(SRCROOT)/Objective-Chipmunk-trial\"",
					"\"$(SRCROOT)/ChipmunkPro-iPhone-Trial\"",
				);
				PRODUCT_NAME = SimpleObjectiveChipmunk;
				VALIDATE_PRODUCT = YES;
			};
			name = Release;
		};
		C01FCF4F08A954540054247B /* Debug */ = {
			isa = XCBuildConfiguration;
			buildSettings = {
				ARCHS = "$(ARCHS_STANDARD_32_BIT)";
				CODE_SIGN_IDENTITY = "iPhone Developer";
				"CODE_SIGN_IDENTITY[sdk=iphoneos*]" = "iPhone Developer";
				GCC_C_LANGUAGE_STANDARD = c99;
				GCC_WARN_ABOUT_RETURN_TYPE = YES;
				GCC_WARN_UNUSED_VARIABLE = YES;
				IPHONEOS_DEPLOYMENT_TARGET = 4.0;
				PROVISIONING_PROFILE = "";
				SDKROOT = iphoneos;
			};
			name = Debug;
		};
		C01FCF5008A954540054247B /* Release */ = {
			isa = XCBuildConfiguration;
			buildSettings = {
				ARCHS = "$(ARCHS_STANDARD_32_BIT)";
				CODE_SIGN_IDENTITY = "iPhone Developer";
				"CODE_SIGN_IDENTITY[sdk=iphoneos*]" = "iPhone Developer";
				GCC_C_LANGUAGE_STANDARD = c99;
				GCC_WARN_ABOUT_RETURN_TYPE = YES;
				GCC_WARN_UNUSED_VARIABLE = YES;
				IPHONEOS_DEPLOYMENT_TARGET = 4.0;
				OTHER_CFLAGS = "-DNS_BLOCK_ASSERTIONS=1";
				PROVISIONING_PROFILE = "";
				SDKROOT = iphoneos;
			};
			name = Release;
		};
/* End XCBuildConfiguration section */

/* Begin XCConfigurationList section */
		1D6058960D05DD3E006BFB54 /* Build configuration list for PBXNativeTarget "SimpleObjectiveChipmunk" */ = {
			isa = XCConfigurationList;
			buildConfigurations = (
				1D6058940D05DD3E006BFB54 /* Debug */,
				1D6058950D05DD3E006BFB54 /* Release */,
			);
			defaultConfigurationIsVisible = 0;
			defaultConfigurationName = Release;
		};
		C01FCF4E08A954540054247B /* Build configuration list for PBXProject "SimpleObjectiveChipmunk" */ = {
			isa = XCConfigurationList;
			buildConfigurations = (
				C01FCF4F08A954540054247B /* Debug */,
				C01FCF5008A954540054247B /* Release */,
			);
			defaultConfigurationIsVisible = 0;
			defaultConfigurationName = Release;
		};
/* End XCConfigurationList section */
	};
	rootObject = 29B97313FDCFA39411CA2CEA /* Project object */;
}
